
Microsoft Visual Studio Solution File, Format Version 12.00
# Visual Studio Version 17
VisualStudioVersion = 17.11.35303.130
MinimumVisualStudioVersion = 10.0.40219.1
Project("{FAE04EC0-301F-11D3-BF4B-00C04F79EFBC}") = "Task10.1", "Task10.1.csproj", "{7597F5F6-B898-4476-B828-424934E3ACBA}"
EndProject
Project("{2150E333-8FDC-42A3-9474-1A3956D46DE8}") = "Task10.1", "Task10.1", "{4F6434D9-35CA-471A-995D-8037EC4B56E7}"
EndProject
Project("{2150E333-8FDC-42A3-9474-1A3956D46DE8}") = "Task10.2", "Task10.2", "{20C5A0DB-1527-46D5-8782-0B56A206C912}"
EndProject
Project("{FAE04EC0-301F-11D3-BF4B-00C04F79EFBC}") = "Task10.2", "Task10.2\Task10.2.csproj", "{A369A5A8-5DD0-4D7C-9C70-72CEF41AFFFD}"
EndProject
Project("{2150E333-8FDC-42A3-9474-1A3956D46DE8}") = "Task10.3", "Task10.3", "{FFC73784-E0C3-4526-B22B-A401EA594913}"
EndProject
Project("{2150E333-8FDC-42A3-9474-1A3956D46DE8}") = "Task10.4", "Task10.4", "{569EC46E-37B4-436F-BF99-C9E9BDABF85F}"
EndProject
Project("{2150E333-8FDC-42A3-9474-1A3956D46DE8}") = "Task10.5", "Task10.5", "{1390868F-0CA2-4DB6-A228-F91CEB7DC2F3}"
EndProject
Project("{2150E333-8FDC-42A3-9474-1A3956D46DE8}") = "Task10.6", "Task10.6", "{A42719AE-572D-4379-98DB-040C99205EB7}"
EndProject
Project("{FAE04EC0-301F-11D3-BF4B-00C04F79EFBC}") = "Task10.3", "Task10.3\Task10.3.csproj", "{1298D978-CED6-44CB-9FB5-BEB440619DD7}"
EndProject
Project("{FAE04EC0-301F-11D3-BF4B-00C04F79EFBC}") = "Task10.4", "Task10.4\Task10.4.csproj", "{D925235A-58C6-4F7C-8CDA-9330D97E9614}"
EndProject
Global
	GlobalSection(SolutionConfigurationPlatforms) = preSolution
		Debug|Any CPU = Debug|Any CPU
		Release|Any CPU = Release|Any CPU
	EndGlobalSection
	GlobalSection(ProjectConfigurationPlatforms) = postSolution
		{7597F5F6-B898-4476-B828-424934E3ACBA}.Debug|Any CPU.ActiveCfg = Debug|Any CPU
		{7597F5F6-B898-4476-B828-424934E3ACBA}.Debug|Any CPU.Build.0 = Debug|Any CPU
		{7597F5F6-B898-4476-B828-424934E3ACBA}.Release|Any CPU.ActiveCfg = Release|Any CPU
		{7597F5F6-B898-4476-B828-424934E3ACBA}.Release|Any CPU.Build.0 = Release|Any CPU
		{A369A5A8-5DD0-4D7C-9C70-72CEF41AFFFD}.Debug|Any CPU.ActiveCfg = Debug|Any CPU
		{A369A5A8-5DD0-4D7C-9C70-72CEF41AFFFD}.Debug|Any CPU.Build.0 = Debug|Any CPU
		{A369A5A8-5DD0-4D7C-9C70-72CEF41AFFFD}.Release|Any CPU.ActiveCfg = Release|Any CPU
		{A369A5A8-5DD0-4D7C-9C70-72CEF41AFFFD}.Release|Any CPU.Build.0 = Release|Any CPU
		{1298D978-CED6-44CB-9FB5-BEB440619DD7}.Debug|Any CPU.ActiveCfg = Debug|Any CPU
		{1298D978-CED6-44CB-9FB5-BEB440619DD7}.Debug|Any CPU.Build.0 = Debug|Any CPU
		{1298D978-CED6-44CB-9FB5-BEB440619DD7}.Release|Any CPU.ActiveCfg = Release|Any CPU
		{1298D978-CED6-44CB-9FB5-BEB440619DD7}.Release|Any CPU.Build.0 = Release|Any CPU
		{D925235A-58C6-4F7C-8CDA-9330D97E9614}.Debug|Any CPU.ActiveCfg = Debug|Any CPU
		{D925235A-58C6-4F7C-8CDA-9330D97E9614}.Debug|Any CPU.Build.0 = Debug|Any CPU
		{D925235A-58C6-4F7C-8CDA-9330D97E9614}.Release|Any CPU.ActiveCfg = Release|Any CPU
		{D925235A-58C6-4F7C-8CDA-9330D97E9614}.Release|Any CPU.Build.0 = Release|Any CPU
	EndGlobalSection
	GlobalSection(SolutionProperties) = preSolution
		HideSolutionNode = FALSE
	EndGlobalSection
	GlobalSection(NestedProjects) = preSolution
		{7597F5F6-B898-4476-B828-424934E3ACBA} = {4F6434D9-35CA-471A-995D-8037EC4B56E7}
		{A369A5A8-5DD0-4D7C-9C70-72CEF41AFFFD} = {20C5A0DB-1527-46D5-8782-0B56A206C912}
		{1298D978-CED6-44CB-9FB5-BEB440619DD7} = {FFC73784-E0C3-4526-B22B-A401EA594913}
		{D925235A-58C6-4F7C-8CDA-9330D97E9614} = {569EC46E-37B4-436F-BF99-C9E9BDABF85F}
	EndGlobalSection
	GlobalSection(ExtensibilityGlobals) = postSolution
		SolutionGuid = {95576077-B07E-4366-8DBD-94A2E22304D8}
	EndGlobalSection
EndGlobal
